
Microsoft Visual Studio Solution File, Format Version 12.00
# Visual Studio 15
VisualStudioVersion = 15.0.28307.705
MinimumVisualStudioVersion = 10.0.40219.1
Project("{FAE04EC0-301F-11D3-BF4B-00C04F79EFBC}") = "API", "API\API.csproj", "{9BDA865F-EFD2-4E86-99BF-9CCF0DC4433E}"
EndProject
Project("{FAE04EC0-301F-11D3-BF4B-00C04F79EFBC}") = "MVC", "MVC\MVC.csproj", "{B4B4A1A8-3103-46BB-AC2D-A9427239F9BE}"
EndProject
Global
	GlobalSection(SolutionConfigurationPlatforms) = preSolution
		Debug|Any CPU = Debug|Any CPU
		Release|Any CPU = Release|Any CPU
	EndGlobalSection
	GlobalSection(ProjectConfigurationPlatforms) = postSolution
		{9BDA865F-EFD2-4E86-99BF-9CCF0DC4433E}.Debug|Any CPU.ActiveCfg = Debug|Any CPU
		{9BDA865F-EFD2-4E86-99BF-9CCF0DC4433E}.Debug|Any CPU.Build.0 = Debug|Any CPU
		{9BDA865F-EFD2-4E86-99BF-9CCF0DC4433E}.Release|Any CPU.ActiveCfg = Release|Any CPU
		{9BDA865F-EFD2-4E86-99BF-9CCF0DC4433E}.Release|Any CPU.Build.0 = Release|Any CPU
		{B4B4A1A8-3103-46BB-AC2D-A9427239F9BE}.Debug|Any CPU.ActiveCfg = Debug|Any CPU
		{B4B4A1A8-3103-46BB-AC2D-A9427239F9BE}.Debug|Any CPU.Build.0 = Debug|Any CPU
		{B4B4A1A8-3103-46BB-AC2D-A9427239F9BE}.Release|Any CPU.ActiveCfg = Release|Any CPU
		{B4B4A1A8-3103-46BB-AC2D-A9427239F9BE}.Release|Any CPU.Build.0 = Release|Any CPU
	EndGlobalSection
	GlobalSection(SolutionProperties) = preSolution
		HideSolutionNode = FALSE
	EndGlobalSection
	GlobalSection(ExtensibilityGlobals) = postSolution
		SolutionGuid = {54773DE6-42D8-48FB-BAAB-76D790BAB07B}
	EndGlobalSection
EndGlobal
